
Microsoft Visual Studio Solution File, Format Version 12.00
# Visual Studio Version 17
VisualStudioVersion = 17.10.35013.160
MinimumVisualStudioVersion = 10.0.40219.1
Project("{FAE04EC0-301F-11D3-BF4B-00C04F79EFBC}") = "NpcScpSl", "NpcScpSl\NpcScpSl.csproj", "{31F073C9-86D7-4387-92F1-8BF8FB435622}"
EndProject
Global
	GlobalSection(SolutionConfigurationPlatforms) = preSolution
		Debug|Any CPU = Debug|Any CPU
		Release|Any CPU = Release|Any CPU
	EndGlobalSection
	GlobalSection(ProjectConfigurationPlatforms) = postSolution
		{31F073C9-86D7-4387-92F1-8BF8FB435622}.Debug|Any CPU.ActiveCfg = Debug|Any CPU
		{31F073C9-86D7-4387-92F1-8BF8FB435622}.Debug|Any CPU.Build.0 = Debug|Any CPU
		{31F073C9-86D7-4387-92F1-8BF8FB435622}.Release|Any CPU.ActiveCfg = Release|Any CPU
		{31F073C9-86D7-4387-92F1-8BF8FB435622}.Release|Any CPU.Build.0 = Release|Any CPU
	EndGlobalSection
	GlobalSection(SolutionProperties) = preSolution
		HideSolutionNode = FALSE
	EndGlobalSection
	GlobalSection(ExtensibilityGlobals) = postSolution
		SolutionGuid = {F9A84C78-4B90-4E71-9B88-BA846782B875}
	EndGlobalSection
EndGlobal
